
Microsoft Visual Studio Solution File, Format Version 12.00
# Visual Studio 15
VisualStudioVersion = 15.0.27130.2027
MinimumVisualStudioVersion = 10.0.40219.1
Project("{8BC9CEB8-8B4A-11D0-8D11-00A0C91BC942}") = "lastname", "lastname\lastname.vcxproj", "{F9ACE3A2-9C54-4226-A537-15B2F636FFD6}"
EndProject
Global
	GlobalSection(SolutionConfigurationPlatforms) = preSolution
		Debug|x64 = Debug|x64
		Debug|x86 = Debug|x86
		Release|x64 = Release|x64
		Release|x86 = Release|x86
	EndGlobalSection
	GlobalSection(ProjectConfigurationPlatforms) = postSolution
		{F9ACE3A2-9C54-4226-A537-15B2F636FFD6}.Debug|x64.ActiveCfg = Debug|x64
		{F9ACE3A2-9C54-4226-A537-15B2F636FFD6}.Debug|x64.Build.0 = Debug|x64
		{F9ACE3A2-9C54-4226-A537-15B2F636FFD6}.Debug|x86.ActiveCfg = Debug|Win32
		{F9ACE3A2-9C54-4226-A537-15B2F636FFD6}.Debug|x86.Build.0 = Debug|Win32
		{F9ACE3A2-9C54-4226-A537-15B2F636FFD6}.Release|x64.ActiveCfg = Release|x64
		{F9ACE3A2-9C54-4226-A537-15B2F636FFD6}.Release|x64.Build.0 = Release|x64
		{F9ACE3A2-9C54-4226-A537-15B2F636FFD6}.Release|x86.ActiveCfg = Release|Win32
		{F9ACE3A2-9C54-4226-A537-15B2F636FFD6}.Release|x86.Build.0 = Release|Win32
	EndGlobalSection
	GlobalSection(SolutionProperties) = preSolution
		HideSolutionNode = FALSE
	EndGlobalSection
	GlobalSection(ExtensibilityGlobals) = postSolution
		SolutionGuid = {A0C994D9-A18D-4E29-943C-88FA500D8BD9}
	EndGlobalSection
EndGlobal
